
Microsoft Visual Studio Solution File, Format Version 12.00
# Visual Studio Version 17
VisualStudioVersion = 17.8.34316.72
MinimumVisualStudioVersion = 10.0.40219.1
Project("{9A19103F-16F7-4668-BE54-9A1E7A4F7556}") = "BethanysPieShopHRM", "BethanysPieShopHRM\BethanysPieShopHRM.csproj", "{2D63176D-87D9-471A-BB4E-A87489EBBA09}"
EndProject
Project("{FAE04EC0-301F-11D3-BF4B-00C04F79EFBC}") = "BethanyPieShopHRM.Test", "BethanyPieShopHRM.Test\BethanyPieShopHRM.Test.csproj", "{616061DA-1237-40B4-825A-BBFBCDF5A305}"
EndProject
Global
	GlobalSection(SolutionConfigurationPlatforms) = preSolution
		Debug|Any CPU = Debug|Any CPU
		Release|Any CPU = Release|Any CPU
	EndGlobalSection
	GlobalSection(ProjectConfigurationPlatforms) = postSolution
		{2D63176D-87D9-471A-BB4E-A87489EBBA09}.Debug|Any CPU.ActiveCfg = Debug|Any CPU
		{2D63176D-87D9-471A-BB4E-A87489EBBA09}.Debug|Any CPU.Build.0 = Debug|Any CPU
		{2D63176D-87D9-471A-BB4E-A87489EBBA09}.Release|Any CPU.ActiveCfg = Release|Any CPU
		{2D63176D-87D9-471A-BB4E-A87489EBBA09}.Release|Any CPU.Build.0 = Release|Any CPU
		{616061DA-1237-40B4-825A-BBFBCDF5A305}.Debug|Any CPU.ActiveCfg = Debug|Any CPU
		{616061DA-1237-40B4-825A-BBFBCDF5A305}.Debug|Any CPU.Build.0 = Debug|Any CPU
		{616061DA-1237-40B4-825A-BBFBCDF5A305}.Release|Any CPU.ActiveCfg = Release|Any CPU
		{616061DA-1237-40B4-825A-BBFBCDF5A305}.Release|Any CPU.Build.0 = Release|Any CPU
	EndGlobalSection
	GlobalSection(SolutionProperties) = preSolution
		HideSolutionNode = FALSE
	EndGlobalSection
	GlobalSection(ExtensibilityGlobals) = postSolution
		SolutionGuid = {3B0FEDC6-D03B-4D41-8464-D9B5AAD0C28B}
	EndGlobalSection
EndGlobal
